// !$*UTF8*$!
{
	archiveVersion = 1;
	classes = {
	};
	objectVersion = 46;
	objects = {

/* Begin PBXBuildFile section */
		208F88A61D8FB65B00BB8C1C /* SettingsViewController.swift in Sources */ = {isa = PBXBuildFile; fileRef = 208F88A51D8FB65B00BB8C1C /* SettingsViewController.swift */; };
		208F88AB1D90BD7900BB8C1C /* LocaleManager.swift in Sources */ = {isa = PBXBuildFile; fileRef = 208F88AA1D90BD7900BB8C1C /* LocaleManager.swift */; };
		20D4C9021D84A8C90056A1DA /* AppDelegate.swift in Sources */ = {isa = PBXBuildFile; fileRef = 20D4C9011D84A8C90056A1DA /* AppDelegate.swift */; };
		20D4C9041D84A8C90056A1DA /* ViewController.swift in Sources */ = {isa = PBXBuildFile; fileRef = 20D4C9031D84A8C90056A1DA /* ViewController.swift */; };
		20D4C9071D84A8C90056A1DA /* Main.storyboard in Resources */ = {isa = PBXBuildFile; fileRef = 20D4C9051D84A8C90056A1DA /* Main.storyboard */; };
		20D4C9091D84A8C90056A1DA /* Assets.xcassets in Resources */ = {isa = PBXBuildFile; fileRef = 20D4C9081D84A8C90056A1DA /* Assets.xcassets */; };
		20D4C90C1D84A8C90056A1DA /* LaunchScreen.storyboard in Resources */ = {isa = PBXBuildFile; fileRef = 20D4C90A1D84A8C90056A1DA /* LaunchScreen.storyboard */; };
		20D4C9171D84A8C90056A1DA /* TipsCalculatorTests.swift in Sources */ = {isa = PBXBuildFile; fileRef = 20D4C9161D84A8C90056A1DA /* TipsCalculatorTests.swift */; };
		20D4C9221D84A8C90056A1DA /* TipsCalculatorUITests.swift in Sources */ = {isa = PBXBuildFile; fileRef = 20D4C9211D84A8C90056A1DA /* TipsCalculatorUITests.swift */; };
		20D4C9321D85F83D0056A1DA /* CalculatorViewController.swift in Sources */ = {isa = PBXBuildFile; fileRef = 20D4C9311D85F83D0056A1DA /* CalculatorViewController.swift */; };
		20D7FB4A1D91055700448CEC /* TipCalculatorManager.swift in Sources */ = {isa = PBXBuildFile; fileRef = 20D7FB491D91055700448CEC /* TipCalculatorManager.swift */; };
/* End PBXBuildFile section */

/* Begin PBXContainerItemProxy section */
		20D4C9131D84A8C90056A1DA /* PBXContainerItemProxy */ = {
			isa = PBXContainerItemProxy;
			containerPortal = 20D4C8F61D84A8C90056A1DA /* Project object */;
			proxyType = 1;
			remoteGlobalIDString = 20D4C8FD1D84A8C90056A1DA;
			remoteInfo = TipsCalculator;
		};
		20D4C91E1D84A8C90056A1DA /* PBXContainerItemProxy */ = {
			isa = PBXContainerItemProxy;
			containerPortal = 20D4C8F61D84A8C90056A1DA /* Project object */;
			proxyType = 1;
			remoteGlobalIDString = 20D4C8FD1D84A8C90056A1DA;
			remoteInfo = TipsCalculator;
		};
/* End PBXContainerItemProxy section */

/* Begin PBXFileReference section */
		208F88A51D8FB65B00BB8C1C /* SettingsViewController.swift */ = {isa = PBXFileReference; fileEncoding = 4; lastKnownFileType = sourcecode.swift; path = SettingsViewController.swift; sourceTree = "<group>"; };
		208F88AA1D90BD7900BB8C1C /* LocaleManager.swift */ = {isa = PBXFileReference; fileEncoding = 4; lastKnownFileType = sourcecode.swift; path = LocaleManager.swift; sourceTree = "<group>"; };
		20D4C8FE1D84A8C90056A1DA /* TipsCalculator.app */ = {isa = PBXFileReference; explicitFileType = wrapper.application; includeInIndex = 0; path = TipsCalculator.app; sourceTree = BUILT_PRODUCTS_DIR; };
		20D4C9011D84A8C90056A1DA /* AppDelegate.swift */ = {isa = PBXFileReference; lastKnownFileType = sourcecode.swift; path = AppDelegate.swift; sourceTree = "<group>"; };
		20D4C9031D84A8C90056A1DA /* ViewController.swift */ = {isa = PBXFileReference; lastKnownFileType = sourcecode.swift; path = ViewController.swift; sourceTree = "<group>"; };
		20D4C9061D84A8C90056A1DA /* Base */ = {isa = PBXFileReference; lastKnownFileType = file.storyboard; name = Base; path = Base.lproj/Main.storyboard; sourceTree = "<group>"; };
		20D4C9081D84A8C90056A1DA /* Assets.xcassets */ = {isa = PBXFileReference; lastKnownFileType = folder.assetcatalog; path = Assets.xcassets; sourceTree = "<group>"; };
		20D4C90B1D84A8C90056A1DA /* Base */ = {isa = PBXFileReference; lastKnownFileType = file.storyboard; name = Base; path = Base.lproj/LaunchScreen.storyboard; sourceTree = "<group>"; };
		20D4C90D1D84A8C90056A1DA /* Info.plist */ = {isa = PBXFileReference; lastKnownFileType = text.plist.xml; path = Info.plist; sourceTree = "<group>"; };
		20D4C9121D84A8C90056A1DA /* TipsCalculatorTests.xctest */ = {isa = PBXFileReference; explicitFileType = wrapper.cfbundle; includeInIndex = 0; path = TipsCalculatorTests.xctest; sourceTree = BUILT_PRODUCTS_DIR; };
		20D4C9161D84A8C90056A1DA /* TipsCalculatorTests.swift */ = {isa = PBXFileReference; lastKnownFileType = sourcecode.swift; path = TipsCalculatorTests.swift; sourceTree = "<group>"; };
		20D4C9181D84A8C90056A1DA /* Info.plist */ = {isa = PBXFileReference; lastKnownFileType = text.plist.xml; path = Info.plist; sourceTree = "<group>"; };
		20D4C91D1D84A8C90056A1DA /* TipsCalculatorUITests.xctest */ = {isa = PBXFileReference; explicitFileType = wrapper.cfbundle; includeInIndex = 0; path = TipsCalculatorUITests.xctest; sourceTree = BUILT_PRODUCTS_DIR; };
		20D4C9211D84A8C90056A1DA /* TipsCalculatorUITests.swift */ = {isa = PBXFileReference; lastKnownFileType = sourcecode.swift; path = TipsCalculatorUITests.swift; sourceTree = "<group>"; };
		20D4C9231D84A8C90056A1DA /* Info.plist */ = {isa = PBXFileReference; lastKnownFileType = text.plist.xml; path = Info.plist; sourceTree = "<group>"; };
		20D4C9311D85F83D0056A1DA /* CalculatorViewController.swift */ = {isa = PBXFileReference; fileEncoding = 4; lastKnownFileType = sourcecode.swift; path = CalculatorViewController.swift; sourceTree = "<group>"; };
		20D7FB491D91055700448CEC /* TipCalculatorManager.swift */ = {isa = PBXFileReference; fileEncoding = 4; lastKnownFileType = sourcecode.swift; path = TipCalculatorManager.swift; sourceTree = "<group>"; };
/* End PBXFileReference section */

/* Begin PBXFrameworksBuildPhase section */
		20D4C8FB1D84A8C90056A1DA /* Frameworks */ = {
			isa = PBXFrameworksBuildPhase;
			buildActionMask = 2147483647;
			files = (
			);
			runOnlyForDeploymentPostprocessing = 0;
		};
		20D4C90F1D84A8C90056A1DA /* Frameworks */ = {
			isa = PBXFrameworksBuildPhase;
			buildActionMask = 2147483647;
			files = (
			);
			runOnlyForDeploymentPostprocessing = 0;
		};
		20D4C91A1D84A8C90056A1DA /* Frameworks */ = {
			isa = PBXFrameworksBuildPhase;
			buildActionMask = 2147483647;
			files = (
			);
			runOnlyForDeploymentPostprocessing = 0;
		};
/* End PBXFrameworksBuildPhase section */

/* Begin PBXGroup section */
		208F88A91D90BD6B00BB8C1C /* Helpers */ = {
			isa = PBXGroup;
			children = (
				208F88AA1D90BD7900BB8C1C /* LocaleManager.swift */,
				20D7FB491D91055700448CEC /* TipCalculatorManager.swift */,
			);
			name = Helpers;
			sourceTree = "<group>";
		};
		20D4C8F51D84A8C90056A1DA = {
			isa = PBXGroup;
			children = (
				20D4C9001D84A8C90056A1DA /* TipsCalculator */,
				20D4C9151D84A8C90056A1DA /* TipsCalculatorTests */,
				20D4C9201D84A8C90056A1DA /* TipsCalculatorUITests */,
				20D4C8FF1D84A8C90056A1DA /* Products */,
			);
			sourceTree = "<group>";
		};
		20D4C8FF1D84A8C90056A1DA /* Products */ = {
			isa = PBXGroup;
			children = (
				20D4C8FE1D84A8C90056A1DA /* TipsCalculator.app */,
				20D4C9121D84A8C90056A1DA /* TipsCalculatorTests.xctest */,
				20D4C91D1D84A8C90056A1DA /* TipsCalculatorUITests.xctest */,
			);
			name = Products;
			sourceTree = "<group>";
		};
		20D4C9001D84A8C90056A1DA /* TipsCalculator */ = {
			isa = PBXGroup;
			children = (
				208F88A91D90BD6B00BB8C1C /* Helpers */,
				20D4C9011D84A8C90056A1DA /* AppDelegate.swift */,
				20D4C9031D84A8C90056A1DA /* ViewController.swift */,
				20D4C9051D84A8C90056A1DA /* Main.storyboard */,
				20D4C9081D84A8C90056A1DA /* Assets.xcassets */,
				20D4C90A1D84A8C90056A1DA /* LaunchScreen.storyboard */,
				20D4C90D1D84A8C90056A1DA /* Info.plist */,
				20D4C9311D85F83D0056A1DA /* CalculatorViewController.swift */,
				208F88A51D8FB65B00BB8C1C /* SettingsViewController.swift */,
			);
			path = TipsCalculator;
			sourceTree = "<group>";
		};
		20D4C9151D84A8C90056A1DA /* TipsCalculatorTests */ = {
			isa = PBXGroup;
			children = (
				20D4C9161D84A8C90056A1DA /* TipsCalculatorTests.swift */,
				20D4C9181D84A8C90056A1DA /* Info.plist */,
			);
			path = TipsCalculatorTests;
			sourceTree = "<group>";
		};
		20D4C9201D84A8C90056A1DA /* TipsCalculatorUITests */ = {
			isa = PBXGroup;
			children = (
				20D4C9211D84A8C90056A1DA /* TipsCalculatorUITests.swift */,
				20D4C9231D84A8C90056A1DA /* Info.plist */,
			);
			path = TipsCalculatorUITests;
			sourceTree = "<group>";
		};
/* End PBXGroup section */

/* Begin PBXNativeTarget section */
		20D4C8FD1D84A8C90056A1DA /* TipsCalculator */ = {
			isa = PBXNativeTarget;
			buildConfigurationList = 20D4C9261D84A8C90056A1DA /* Build configuration list for PBXNativeTarget "TipsCalculator" */;
			buildPhases = (
				20D4C8FA1D84A8C90056A1DA /* Sources */,
				20D4C8FB1D84A8C90056A1DA /* Frameworks */,
				20D4C8FC1D84A8C90056A1DA /* Resources */,
			);
			buildRules = (
			);
			dependencies = (
			);
			name = TipsCalculator;
			productName = TipsCalculator;
			productReference = 20D4C8FE1D84A8C90056A1DA /* TipsCalculator.app */;
			productType = "com.apple.product-type.application";
		};
		20D4C9111D84A8C90056A1DA /* TipsCalculatorTests */ = {
			isa = PBXNativeTarget;
			buildConfigurationList = 20D4C9291D84A8C90056A1DA /* Build configuration list for PBXNativeTarget "TipsCalculatorTests" */;
			buildPhases = (
				20D4C90E1D84A8C90056A1DA /* Sources */,
				20D4C90F1D84A8C90056A1DA /* Frameworks */,
				20D4C9101D84A8C90056A1DA /* Resources */,
			);
			buildRules = (
			);
			dependencies = (
				20D4C9141D84A8C90056A1DA /* PBXTargetDependency */,
			);
			name = TipsCalculatorTests;
			productName = TipsCalculatorTests;
			productReference = 20D4C9121D84A8C90056A1DA /* TipsCalculatorTests.xctest */;
			productType = "com.apple.product-type.bundle.unit-test";
		};
		20D4C91C1D84A8C90056A1DA /* TipsCalculatorUITests */ = {
			isa = PBXNativeTarget;
			buildConfigurationList = 20D4C92C1D84A8C90056A1DA /* Build configuration list for PBXNativeTarget "TipsCalculatorUITests" */;
			buildPhases = (
				20D4C9191D84A8C90056A1DA /* Sources */,
				20D4C91A1D84A8C90056A1DA /* Frameworks */,
				20D4C91B1D84A8C90056A1DA /* Resources */,
			);
			buildRules = (
			);
			dependencies = (
				20D4C91F1D84A8C90056A1DA /* PBXTargetDependency */,
			);
			name = TipsCalculatorUITests;
			productName = TipsCalculatorUITests;
			productReference = 20D4C91D1D84A8C90056A1DA /* TipsCalculatorUITests.xctest */;
			productType = "com.apple.product-type.bundle.ui-testing";
		};
/* End PBXNativeTarget section */

/* Begin PBXProject section */
		20D4C8F61D84A8C90056A1DA /* Project object */ = {
			isa = PBXProject;
			attributes = {
				LastSwiftUpdateCheck = 0800;
				LastUpgradeCheck = 0800;
				ORGANIZATIONNAME = "Arturo Fernandez";
				TargetAttributes = {
					20D4C8FD1D84A8C90056A1DA = {
						CreatedOnToolsVersion = 8.0;
						DevelopmentTeam = L72Q9BGL9Y;
						ProvisioningStyle = Automatic;
					};
					20D4C9111D84A8C90056A1DA = {
						CreatedOnToolsVersion = 8.0;
						DevelopmentTeam = L72Q9BGL9Y;
						ProvisioningStyle = Automatic;
						TestTargetID = 20D4C8FD1D84A8C90056A1DA;
					};
					20D4C91C1D84A8C90056A1DA = {
						CreatedOnToolsVersion = 8.0;
						DevelopmentTeam = L72Q9BGL9Y;
						ProvisioningStyle = Automatic;
						TestTargetID = 20D4C8FD1D84A8C90056A1DA;
					};
				};
			};
			buildConfigurationList = 20D4C8F91D84A8C90056A1DA /* Build configuration list for PBXProject "TipsCalculator" */;
			compatibilityVersion = "Xcode 3.2";
			developmentRegion = English;
			hasScannedForEncodings = 0;
			knownRegions = (
				en,
				Base,
			);
			mainGroup = 20D4C8F51D84A8C90056A1DA;
			productRefGroup = 20D4C8FF1D84A8C90056A1DA /* Products */;
			projectDirPath = "";
			projectRoot = "";
			targets = (
				20D4C8FD1D84A8C90056A1DA /* TipsCalculator */,
				20D4C9111D84A8C90056A1DA /* TipsCalculatorTests */,
				20D4C91C1D84A8C90056A1DA /* TipsCalculatorUITests */,
			);
		};
/* End PBXProject section */

/* Begin PBXResourcesBuildPhase section */
		20D4C8FC1D84A8C90056A1DA /* Resources */ = {
			isa = PBXResourcesBuildPhase;
			buildActionMask = 2147483647;
			files = (
				20D4C90C1D84A8C90056A1DA /* LaunchScreen.storyboard in Resources */,
				20D4C9091D84A8C90056A1DA /* Assets.xcassets in Resources */,
				20D4C9071D84A8C90056A1DA /* Main.storyboard in Resources */,
			);
			runOnlyForDeploymentPostprocessing = 0;
		};
		20D4C9101D84A8C90056A1DA /* Resources */ = {
			isa = PBXResourcesBuildPhase;
			buildActionMask = 2147483647;
			files = (
			);
			runOnlyForDeploymentPostprocessing = 0;
		};
		20D4C91B1D84A8C90056A1DA /* Resources */ = {
			isa = PBXResourcesBuildPhase;
			buildActionMask = 2147483647;
			files = (
			);
			runOnlyForDeploymentPostprocessing = 0;
		};
/* End PBXResourcesBuildPhase section */

/* Begin PBXSourcesBuildPhase section */
		20D4C8FA1D84A8C90056A1DA /* Sources */ = {
			isa = PBXSourcesBuildPhase;
			buildActionMask = 2147483647;
			files = (
				20D4C9041D84A8C90056A1DA /* ViewController.swift in Sources */,
				208F88AB1D90BD7900BB8C1C /* LocaleManager.swift in Sources */,
				20D4C9321D85F83D0056A1DA /* CalculatorViewController.swift in Sources */,
				20D4C9021D84A8C90056A1DA /* AppDelegate.swift in Sources */,
				208F88A61D8FB65B00BB8C1C /* SettingsViewController.swift in Sources */,
				20D7FB4A1D91055700448CEC /* TipCalculatorManager.swift in Sources */,
			);
			runOnlyForDeploymentPostprocessing = 0;
		};
		20D4C90E1D84A8C90056A1DA /* Sources */ = {
			isa = PBXSourcesBuildPhase;
			buildActionMask = 2147483647;
			files = (
				20D4C9171D84A8C90056A1DA /* TipsCalculatorTests.swift in Sources */,
			);
			runOnlyForDeploymentPostprocessing = 0;
		};
		20D4C9191D84A8C90056A1DA /* Sources */ = {
			isa = PBXSourcesBuildPhase;
			buildActionMask = 2147483647;
			files = (
				20D4C9221D84A8C90056A1DA /* TipsCalculatorUITests.swift in Sources */,
			);
			runOnlyForDeploymentPostprocessing = 0;
		};
/* End PBXSourcesBuildPhase section */

/* Begin PBXTargetDependency section */
		20D4C9141D84A8C90056A1DA /* PBXTargetDependency */ = {
			isa = PBXTargetDependency;
			target = 20D4C8FD1D84A8C90056A1DA /* TipsCalculator */;
			targetProxy = 20D4C9131D84A8C90056A1DA /* PBXContainerItemProxy */;
		};
		20D4C91F1D84A8C90056A1DA /* PBXTargetDependency */ = {
			isa = PBXTargetDependency;
			target = 20D4C8FD1D84A8C90056A1DA /* TipsCalculator */;
			targetProxy = 20D4C91E1D84A8C90056A1DA /* PBXContainerItemProxy */;
		};
/* End PBXTargetDependency section */

/* Begin PBXVariantGroup section */
		20D4C9051D84A8C90056A1DA /* Main.storyboard */ = {
			isa = PBXVariantGroup;
			children = (
				20D4C9061D84A8C90056A1DA /* Base */,
			);
			name = Main.storyboard;
			sourceTree = "<group>";
		};
		20D4C90A1D84A8C90056A1DA /* LaunchScreen.storyboard */ = {
			isa = PBXVariantGroup;
			children = (
				20D4C90B1D84A8C90056A1DA /* Base */,
			);
			name = LaunchScreen.storyboard;
			sourceTree = "<group>";
		};
/* End PBXVariantGroup section */

/* Begin XCBuildConfiguration section */
		20D4C9241D84A8C90056A1DA /* Debug */ = {
			isa = XCBuildConfiguration;
			buildSettings = {
				ALWAYS_SEARCH_USER_PATHS = NO;
				CLANG_ANALYZER_NONNULL = YES;
				CLANG_CXX_LANGUAGE_STANDARD = "gnu++0x";
				CLANG_CXX_LIBRARY = "libc++";
				CLANG_ENABLE_MODULES = YES;
				CLANG_ENABLE_OBJC_ARC = YES;
				CLANG_WARN_BOOL_CONVERSION = YES;
				CLANG_WARN_CONSTANT_CONVERSION = YES;
				CLANG_WARN_DIRECT_OBJC_ISA_USAGE = YES_ERROR;
				CLANG_WARN_DOCUMENTATION_COMMENTS = YES;
				CLANG_WARN_EMPTY_BODY = YES;
				CLANG_WARN_ENUM_CONVERSION = YES;
				CLANG_WARN_INFINITE_RECURSION = YES;
				CLANG_WARN_INT_CONVERSION = YES;
				CLANG_WARN_OBJC_ROOT_CLASS = YES_ERROR;
				CLANG_WARN_SUSPICIOUS_MOVES = YES;
				CLANG_WARN_UNREACHABLE_CODE = YES;
				CLANG_WARN__DUPLICATE_METHOD_MATCH = YES;
				"CODE_SIGN_IDENTITY[sdk=iphoneos*]" = "iPhone Developer";
				COPY_PHASE_STRIP = NO;
				DEBUG_INFORMATION_FORMAT = dwarf;
				ENABLE_STRICT_OBJC_MSGSEND = YES;
				ENABLE_TESTABILITY = YES;
				GCC_C_LANGUAGE_STANDARD = gnu99;
				GCC_DYNAMIC_NO_PIC = NO;
				GCC_NO_COMMON_BLOCKS = YES;
				GCC_OPTIMIZATION_LEVEL = 0;
				GCC_PREPROCESSOR_DEFINITIONS = (
					"DEBUG=1",
					"$(inherited)",
				);
				GCC_WARN_64_TO_32_BIT_CONVERSION = YES;
				GCC_WARN_ABOUT_RETURN_TYPE = YES_ERROR;
				GCC_WARN_UNDECLARED_SELECTOR = YES;
				GCC_WARN_UNINITIALIZED_AUTOS = YES_AGGRESSIVE;
				GCC_WARN_UNUSED_FUNCTION = YES;
				GCC_WARN_UNUSED_VARIABLE = YES;
				IPHONEOS_DEPLOYMENT_TARGET = 10.0;
				MTL_ENABLE_DEBUG_INFO = YES;
				ONLY_ACTIVE_ARCH = YES;
				SDKROOT = iphoneos;
				SWIFT_ACTIVE_COMPILATION_CONDITIONS = DEBUG;
				SWIFT_OPTIMIZATION_LEVEL = "-Onone";
			};
			name = Debug;
		};
		20D4C9251D84A8C90056A1DA /* Release */ = {
			isa = XCBuildConfiguration;
			buildSettings = {
				ALWAYS_SEARCH_USER_PATHS = NO;
				CLANG_ANALYZER_NONNULL = YES;
				CLANG_CXX_LANGUAGE_STANDARD = "gnu++0x";
				CLANG_CXX_LIBRARY = "libc++";
				CLANG_ENABLE_MODULES = YES;
				CLANG_ENABLE_OBJC_ARC = YES;
				CLANG_WARN_BOOL_CONVERSION = YES;
				CLANG_WARN_CONSTANT_CONVERSION = YES;
				CLANG_WARN_DIRECT_OBJC_ISA_USAGE = YES_ERROR;
				CLANG_WARN_DOCUMENTATION_COMMENTS = YES;
				CLANG_WARN_EMPTY_BODY = YES;
				CLANG_WARN_ENUM_CONVERSION = YES;
				CLANG_WARN_INFINITE_RECURSION = YES;
				CLANG_WARN_INT_CONVERSION = YES;
				CLANG_WARN_OBJC_ROOT_CLASS = YES_ERROR;
				CLANG_WARN_SUSPICIOUS_MOVES = YES;
				CLANG_WARN_UNREACHABLE_CODE = YES;
				CLANG_WARN__DUPLICATE_METHOD_MATCH = YES;
				"CODE_SIGN_IDENTITY[sdk=iphoneos*]" = "iPhone Developer";
				COPY_PHASE_STRIP = NO;
				DEBUG_INFORMATION_FORMAT = "dwarf-with-dsym";
				ENABLE_NS_ASSERTIONS = NO;
				ENABLE_STRICT_OBJC_MSGSEND = YES;
				GCC_C_LANGUAGE_STANDARD = gnu99;
				GCC_NO_COMMON_BLOCKS = YES;
				GCC_WARN_64_TO_32_BIT_CONVERSION = YES;
				GCC_WARN_ABOUT_RETURN_TYPE = YES_ERROR;
				GCC_WARN_UNDECLARED_SELECTOR = YES;
				GCC_WARN_UNINITIALIZED_AUTOS = YES_AGGRESSIVE;
				GCC_WARN_UNUSED_FUNCTION = YES;
				GCC_WARN_UNUSED_VARIABLE = YES;
				IPHONEOS_DEPLOYMENT_TARGET = 10.0;
				MTL_ENABLE_DEBUG_INFO = NO;
				SDKROOT = iphoneos;
				SWIFT_OPTIMIZATION_LEVEL = "-Owholemodule";
				VALIDATE_PRODUCT = YES;
			};
			name = Release;
		};
		20D4C9271D84A8C90056A1DA /* Debug */ = {
			isa = XCBuildConfiguration;
			buildSettings = {
				ASSETCATALOG_COMPILER_APPICON_NAME = AppIcon;
				DEVELOPMENT_TEAM = L72Q9BGL9Y;
				INFOPLIST_FILE = TipsCalculator/Info.plist;
				LD_RUNPATH_SEARCH_PATHS = "$(inherited) @executable_path/Frameworks";
				PRODUCT_BUNDLE_IDENTIFIER = com.fernandezArturo.TipsCalculator;
				PRODUCT_NAME = "$(TARGET_NAME)";
				SWIFT_VERSION = 3.0;
			};
			name = Debug;
		};
		20D4C9281D84A8C90056A1DA /* Release */ = {
			isa = XCBuildConfiguration;
			buildSettings = {
				ASSETCATALOG_COMPILER_APPICON_NAME = AppIcon;
				DEVELOPMENT_TEAM = L72Q9BGL9Y;
				INFOPLIST_FILE = TipsCalculator/Info.plist;
				LD_RUNPATH_SEARCH_PATHS = "$(inherited) @executable_path/Frameworks";
				PRODUCT_BUNDLE_IDENTIFIER = com.fernandezArturo.TipsCalculator;
				PRODUCT_NAME = "$(TARGET_NAME)";
				SWIFT_VERSION = 3.0;
			};
			name = Release;
		};
		20D4C92A1D84A8C90056A1DA /* Debug */ = {
			isa = XCBuildConfiguration;
			buildSettings = {
				ALWAYS_EMBED_SWIFT_STANDARD_LIBRARIES = YES;
				BUNDLE_LOADER = "$(TEST_HOST)";
				DEVELOPMENT_TEAM = L72Q9BGL9Y;
				INFOPLIST_FILE = TipsCalculatorTests/Info.plist;
				LD_RUNPATH_SEARCH_PATHS = "$(inherited) @executable_path/Frameworks @loader_path/Frameworks";
				PRODUCT_BUNDLE_IDENTIFIER = com.fernandezArturo.TipsCalculatorTests;
				PRODUCT_NAME = "$(TARGET_NAME)";
				SWIFT_VERSION = 3.0;
				TEST_HOST = "$(BUILT_PRODUCTS_DIR)/TipsCalculator.app/TipsCalculator";
			};
			name = Debug;
		};
		20D4C92B1D84A8C90056A1DA /* Release */ = {
			isa = XCBuildConfiguration;
			buildSettings = {
				ALWAYS_EMBED_SWIFT_STANDARD_LIBRARIES = YES;
				BUNDLE_LOADER = "$(TEST_HOST)";
				DEVELOPMENT_TEAM = L72Q9BGL9Y;
				INFOPLIST_FILE = TipsCalculatorTests/Info.plist;
				LD_RUNPATH_SEARCH_PATHS = "$(inherited) @executable_path/Frameworks @loader_path/Frameworks";
				PRODUCT_BUNDLE_IDENTIFIER = com.fernandezArturo.TipsCalculatorTests;
				PRODUCT_NAME = "$(TARGET_NAME)";
				SWIFT_VERSION = 3.0;
				TEST_HOST = "$(BUILT_PRODUCTS_DIR)/TipsCalculator.app/TipsCalculator";
			};
			name = Release;
		};
		20D4C92D1D84A8C90056A1DA /* Debug */ = {
			isa = XCBuildConfiguration;
			buildSettings = {
				ALWAYS_EMBED_SWIFT_STANDARD_LIBRARIES = YES;
				DEVELOPMENT_TEAM = L72Q9BGL9Y;
				INFOPLIST_FILE = TipsCalculatorUITests/Info.plist;
				LD_RUNPATH_SEARCH_PATHS = "$(inherited) @executable_path/Frameworks @loader_path/Frameworks";
				PRODUCT_BUNDLE_IDENTIFIER = com.fernandezArturo.TipsCalculatorUITests;
				PRODUCT_NAME = "$(TARGET_NAME)";
				SWIFT_VERSION = 3.0;
				TEST_TARGET_NAME = TipsCalculator;
			};
			name = Debug;
		};
		20D4C92E1D84A8C90056A1DA /* Release */ = {
			isa = XCBuildConfiguration;
			buildSettings = {
				ALWAYS_EMBED_SWIFT_STANDARD_LIBRARIES = YES;
				DEVELOPMENT_TEAM = L72Q9BGL9Y;
				INFOPLIST_FILE = TipsCalculatorUITests/Info.plist;
				LD_RUNPATH_SEARCH_PATHS = "$(inherited) @executable_path/Frameworks @loader_path/Frameworks";
				PRODUCT_BUNDLE_IDENTIFIER = com.fernandezArturo.TipsCalculatorUITests;
				PRODUCT_NAME = "$(TARGET_NAME)";
				SWIFT_VERSION = 3.0;
				TEST_TARGET_NAME = TipsCalculator;
			};
			name = Release;
		};
/* End XCBuildConfiguration section */

/* Begin XCConfigurationList section */
		20D4C8F91D84A8C90056A1DA /* Build configuration list for PBXProject "TipsCalculator" */ = {
			isa = XCConfigurationList;
			buildConfigurations = (
				20D4C9241D84A8C90056A1DA /* Debug */,
				20D4C9251D84A8C90056A1DA /* Release */,
			);
			defaultConfigurationIsVisible = 0;
			defaultConfigurationName = Release;
		};
		20D4C9261D84A8C90056A1DA /* Build configuration list for PBXNativeTarget "TipsCalculator" */ = {
			isa = XCConfigurationList;
			buildConfigurations = (
				20D4C9271D84A8C90056A1DA /* Debug */,
				20D4C9281D84A8C90056A1DA /* Release */,
			);
			defaultConfigurationIsVisible = 0;
			defaultConfigurationName = Release;
		};
		20D4C9291D84A8C90056A1DA /* Build configuration list for PBXNativeTarget "TipsCalculatorTests" */ = {
			isa = XCConfigurationList;
			buildConfigurations = (
				20D4C92A1D84A8C90056A1DA /* Debug */,
				20D4C92B1D84A8C90056A1DA /* Release */,
			);
			defaultConfigurationIsVisible = 0;
			defaultConfigurationName = Release;
		};
		20D4C92C1D84A8C90056A1DA /* Build configuration list for PBXNativeTarget "TipsCalculatorUITests" */ = {
			isa = XCConfigurationList;
			buildConfigurations = (
				20D4C92D1D84A8C90056A1DA /* Debug */,
				20D4C92E1D84A8C90056A1DA /* Release */,
			);
			defaultConfigurationIsVisible = 0;
			defaultConfigurationName = Release;
		};
/* End XCConfigurationList section */
	};
	rootObject = 20D4C8F61D84A8C90056A1DA /* Project object */;
}
